<?xml version="1.0" encoding="utf-8"?>
<Project ToolsVersion="4.0" xmlns="http://schemas.microsoft.com/developer/msbuild/2003">
  <ItemGroup>
    <Filter Include="Source Files">
      <UniqueIdentifier>{4FC737F1-C7A5-4376-A066-2A32D752A2FF}</UniqueIdentifier>
      <Extensions>cpp;c;cc;cxx;def;odl;idl;hpj;bat;asm;asmx</Extensions>
    </Filter>
    <Filter Include="Header Files">
      <UniqueIdentifier>{93995380-89BD-4b04-88EB-625FBE52EBFB}</UniqueIdentifier>
      <Extensions>h;hpp;hxx;hm;inl;inc;xsd</Extensions>
    </Filter>
    <Filter Include="poly2tri">
      <UniqueIdentifier>{75c6ebca-e96b-45a9-bf87-3bfc9b0a9658}</UniqueIdentifier>
    </Filter>
    <Filter Include="assets">
      <UniqueIdentifier>{fd7222c7-4b08-42c5-a8aa-e5cb96d35dc4}</UniqueIdentifier>
    </Filter>
    <Filter Include="opencv">
      <UniqueIdentifier>{811ab909-7e3b-46b3-8187-78ac076b3927}</UniqueIdentifier>
    </Filter>
  </ItemGroup>
  <ItemGroup>
    <ClCompile Include="..\poly2tri\common\shapes.cc">
      <Filter>poly2tri</Filter>
    </ClCompile>
    <ClCompile Include="..\poly2tri\sweep\advancing_front.cc">
      <Filter>poly2tri</Filter>
    </ClCompile>
    <ClCompile Include="..\poly2tri\sweep\cdt.cc">
      <Filter>poly2tri</Filter>
    </ClCompile>
    <ClCompile Include="..\poly2tri\sweep\sweep.cc">
      <Filter>poly2tri</Filter>
    </ClCompile>
    <ClCompile Include="..\poly2tri\sweep\sweep_context.cc">
      <Filter>poly2tri</Filter>
    </ClCompile>
    <ClCompile Include="..\src\DelaunayMeshMaker.cpp">
      <Filter>Source Files</Filter>
    </ClCompile>
  </ItemGroup>
  <ItemGroup>
    <ClInclude Include="..\include\Resources.h">
      <Filter>Header Files</Filter>
    </ClInclude>
    <ClInclude Include="..\poly2tri\common\shapes.h">
      <Filter>poly2tri</Filter>
    </ClInclude>
    <ClInclude Include="..\poly2tri\common\utils.h">
      <Filter>poly2tri</Filter>
    </ClInclude>
    <ClInclude Include="..\poly2tri\sweep\advancing_front.h">
      <Filter>poly2tri</Filter>
    </ClInclude>
    <ClInclude Include="..\poly2tri\sweep\cdt.h">
      <Filter>poly2tri</Filter>
    </ClInclude>
    <ClInclude Include="..\poly2tri\sweep\sweep.h">
      <Filter>poly2tri</Filter>
    </ClInclude>
    <ClInclude Include="..\poly2tri\sweep\sweep_context.h">
      <Filter>poly2tri</Filter>
    </ClInclude>
    <ClInclude Include="..\poly2tri\poly2tri.h">
      <Filter>poly2tri</Filter>
    </ClInclude>
    <ClInclude Include="..\..\..\blocks\Cinder-OpenCV-master\include\CinderOpenCV.h">
      <Filter>opencv</Filter>
    </ClInclude>
  </ItemGroup>
  <ItemGroup>
    <None Include="..\assets\phong_frag.glsl">
      <Filter>assets</Filter>
    </None>
    <None Include="..\assets\phong_vert.glsl">
      <Filter>assets</Filter>
    </None>
  </ItemGroup>
</Project>